
Microsoft Visual Studio Solution File, Format Version 12.00
# Visual Studio Version 17
VisualStudioVersion = 17.3.32901.215
MinimumVisualStudioVersion = 10.0.40219.1
Project("{FAE04EC0-301F-11D3-BF4B-00C04F79EFBC}") = "bank-api", "bank-api\bank-api.csproj", "{4FAFE8B6-75A3-4B9F-82E4-E0339AD5F893}"
EndProject
Global
	GlobalSection(SolutionConfigurationPlatforms) = preSolution
		Debug|Any CPU = Debug|Any CPU
		Release|Any CPU = Release|Any CPU
	EndGlobalSection
	GlobalSection(ProjectConfigurationPlatforms) = postSolution
		{4FAFE8B6-75A3-4B9F-82E4-E0339AD5F893}.Debug|Any CPU.ActiveCfg = Debug|Any CPU
		{4FAFE8B6-75A3-4B9F-82E4-E0339AD5F893}.Debug|Any CPU.Build.0 = Debug|Any CPU
		{4FAFE8B6-75A3-4B9F-82E4-E0339AD5F893}.Release|Any CPU.ActiveCfg = Release|Any CPU
		{4FAFE8B6-75A3-4B9F-82E4-E0339AD5F893}.Release|Any CPU.Build.0 = Release|Any CPU
	EndGlobalSection
	GlobalSection(SolutionProperties) = preSolution
		HideSolutionNode = FALSE
	EndGlobalSection
	GlobalSection(ExtensibilityGlobals) = postSolution
		SolutionGuid = {C96E90AE-87E3-4EBC-999A-68F48B2F5FE6}
	EndGlobalSection
EndGlobal
